// !$*UTF8*$!
{
	archiveVersion = 1;
	classes = {
	};
	objectVersion = 50;
	objects = {

/* Begin PBXBuildFile section */
		86436A4D24214C9500921A88 /* AppDelegate.swift in Sources */ = {isa = PBXBuildFile; fileRef = 86436A4C24214C9500921A88 /* AppDelegate.swift */; };
		86436A4F24214C9500921A88 /* SceneDelegate.swift in Sources */ = {isa = PBXBuildFile; fileRef = 86436A4E24214C9500921A88 /* SceneDelegate.swift */; };
		86436A5124214C9500921A88 /* ViewController.swift in Sources */ = {isa = PBXBuildFile; fileRef = 86436A5024214C9500921A88 /* ViewController.swift */; };
		86436A5424214C9500921A88 /* Main.storyboard in Resources */ = {isa = PBXBuildFile; fileRef = 86436A5224214C9500921A88 /* Main.storyboard */; };
		86436A5624214C9600921A88 /* Assets.xcassets in Resources */ = {isa = PBXBuildFile; fileRef = 86436A5524214C9600921A88 /* Assets.xcassets */; };
		86436A5924214C9600921A88 /* LaunchScreen.storyboard in Resources */ = {isa = PBXBuildFile; fileRef = 86436A5724214C9600921A88 /* LaunchScreen.storyboard */; };
		86436A6424214C9600921A88 /* AndreaExampleAppTests.swift in Sources */ = {isa = PBXBuildFile; fileRef = 86436A6324214C9600921A88 /* AndreaExampleAppTests.swift */; };
		86436A6F24214C9600921A88 /* AndreaExampleAppUITests.swift in Sources */ = {isa = PBXBuildFile; fileRef = 86436A6E24214C9600921A88 /* AndreaExampleAppUITests.swift */; };
/* End PBXBuildFile section */

/* Begin PBXContainerItemProxy section */
		86436A6024214C9600921A88 /* PBXContainerItemProxy */ = {
			isa = PBXContainerItemProxy;
			containerPortal = 86436A4124214C9500921A88 /* Project object */;
			proxyType = 1;
			remoteGlobalIDString = 86436A4824214C9500921A88;
			remoteInfo = AndreaExampleApp;
		};
		86436A6B24214C9600921A88 /* PBXContainerItemProxy */ = {
			isa = PBXContainerItemProxy;
			containerPortal = 86436A4124214C9500921A88 /* Project object */;
			proxyType = 1;
			remoteGlobalIDString = 86436A4824214C9500921A88;
			remoteInfo = AndreaExampleApp;
		};
/* End PBXContainerItemProxy section */

/* Begin PBXFileReference section */
		86436A4924214C9500921A88 /* AndreaExampleApp.app */ = {isa = PBXFileReference; explicitFileType = wrapper.application; includeInIndex = 0; path = AndreaExampleApp.app; sourceTree = BUILT_PRODUCTS_DIR; };
		86436A4C24214C9500921A88 /* AppDelegate.swift */ = {isa = PBXFileReference; lastKnownFileType = sourcecode.swift; path = AppDelegate.swift; sourceTree = "<group>"; };
		86436A4E24214C9500921A88 /* SceneDelegate.swift */ = {isa = PBXFileReference; lastKnownFileType = sourcecode.swift; path = SceneDelegate.swift; sourceTree = "<group>"; };
		86436A5024214C9500921A88 /* ViewController.swift */ = {isa = PBXFileReference; lastKnownFileType = sourcecode.swift; path = ViewController.swift; sourceTree = "<group>"; };
		86436A5324214C9500921A88 /* Base */ = {isa = PBXFileReference; lastKnownFileType = file.storyboard; name = Base; path = Base.lproj/Main.storyboard; sourceTree = "<group>"; };
		86436A5524214C9600921A88 /* Assets.xcassets */ = {isa = PBXFileReference; lastKnownFileType = folder.assetcatalog; path = Assets.xcassets; sourceTree = "<group>"; };
		86436A5824214C9600921A88 /* Base */ = {isa = PBXFileReference; lastKnownFileType = file.storyboard; name = Base; path = Base.lproj/LaunchScreen.storyboard; sourceTree = "<group>"; };
		86436A5A24214C9600921A88 /* Info.plist */ = {isa = PBXFileReference; lastKnownFileType = text.plist.xml; path = Info.plist; sourceTree = "<group>"; };
		86436A5F24214C9600921A88 /* AndreaExampleAppTests.xctest */ = {isa = PBXFileReference; explicitFileType = wrapper.cfbundle; includeInIndex = 0; path = AndreaExampleAppTests.xctest; sourceTree = BUILT_PRODUCTS_DIR; };
		86436A6324214C9600921A88 /* AndreaExampleAppTests.swift */ = {isa = PBXFileReference; lastKnownFileType = sourcecode.swift; path = AndreaExampleAppTests.swift; sourceTree = "<group>"; };
		86436A6524214C9600921A88 /* Info.plist */ = {isa = PBXFileReference; lastKnownFileType = text.plist.xml; path = Info.plist; sourceTree = "<group>"; };
		86436A6A24214C9600921A88 /* AndreaExampleAppUITests.xctest */ = {isa = PBXFileReference; explicitFileType = wrapper.cfbundle; includeInIndex = 0; path = AndreaExampleAppUITests.xctest; sourceTree = BUILT_PRODUCTS_DIR; };
		86436A6E24214C9600921A88 /* AndreaExampleAppUITests.swift */ = {isa = PBXFileReference; lastKnownFileType = sourcecode.swift; path = AndreaExampleAppUITests.swift; sourceTree = "<group>"; };
		86436A7024214C9600921A88 /* Info.plist */ = {isa = PBXFileReference; lastKnownFileType = text.plist.xml; path = Info.plist; sourceTree = "<group>"; };
/* End PBXFileReference section */

/* Begin PBXFrameworksBuildPhase section */
		86436A4624214C9500921A88 /* Frameworks */ = {
			isa = PBXFrameworksBuildPhase;
			buildActionMask = 2147483647;
			files = (
			);
			runOnlyForDeploymentPostprocessing = 0;
		};
		86436A5C24214C9600921A88 /* Frameworks */ = {
			isa = PBXFrameworksBuildPhase;
			buildActionMask = 2147483647;
			files = (
			);
			runOnlyForDeploymentPostprocessing = 0;
		};
		86436A6724214C9600921A88 /* Frameworks */ = {
			isa = PBXFrameworksBuildPhase;
			buildActionMask = 2147483647;
			files = (
			);
			runOnlyForDeploymentPostprocessing = 0;
		};
/* End PBXFrameworksBuildPhase section */

/* Begin PBXGroup section */
		86436A4024214C9500921A88 = {
			isa = PBXGroup;
			children = (
				86436A4B24214C9500921A88 /* AndreaExampleApp */,
				86436A6224214C9600921A88 /* AndreaExampleAppTests */,
				86436A6D24214C9600921A88 /* AndreaExampleAppUITests */,
				86436A4A24214C9500921A88 /* Products */,
			);
			sourceTree = "<group>";
		};
		86436A4A24214C9500921A88 /* Products */ = {
			isa = PBXGroup;
			children = (
				86436A4924214C9500921A88 /* AndreaExampleApp.app */,
				86436A5F24214C9600921A88 /* AndreaExampleAppTests.xctest */,
				86436A6A24214C9600921A88 /* AndreaExampleAppUITests.xctest */,
			);
			name = Products;
			sourceTree = "<group>";
		};
		86436A4B24214C9500921A88 /* AndreaExampleApp */ = {
			isa = PBXGroup;
			children = (
				86436A4C24214C9500921A88 /* AppDelegate.swift */,
				86436A4E24214C9500921A88 /* SceneDelegate.swift */,
				86436A5024214C9500921A88 /* ViewController.swift */,
				86436A5224214C9500921A88 /* Main.storyboard */,
				86436A5524214C9600921A88 /* Assets.xcassets */,
				86436A5724214C9600921A88 /* LaunchScreen.storyboard */,
				86436A5A24214C9600921A88 /* Info.plist */,
			);
			path = AndreaExampleApp;
			sourceTree = "<group>";
		};
		86436A6224214C9600921A88 /* AndreaExampleAppTests */ = {
			isa = PBXGroup;
			children = (
				86436A6324214C9600921A88 /* AndreaExampleAppTests.swift */,
				86436A6524214C9600921A88 /* Info.plist */,
			);
			path = AndreaExampleAppTests;
			sourceTree = "<group>";
		};
		86436A6D24214C9600921A88 /* AndreaExampleAppUITests */ = {
			isa = PBXGroup;
			children = (
				86436A6E24214C9600921A88 /* AndreaExampleAppUITests.swift */,
				86436A7024214C9600921A88 /* Info.plist */,
			);
			path = AndreaExampleAppUITests;
			sourceTree = "<group>";
		};
/* End PBXGroup section */

/* Begin PBXNativeTarget section */
		86436A4824214C9500921A88 /* AndreaExampleApp */ = {
			isa = PBXNativeTarget;
			buildConfigurationList = 86436A7324214C9600921A88 /* Build configuration list for PBXNativeTarget "AndreaExampleApp" */;
			buildPhases = (
				86436A4524214C9500921A88 /* Sources */,
				86436A4624214C9500921A88 /* Frameworks */,
				86436A4724214C9500921A88 /* Resources */,
			);
			buildRules = (
			);
			dependencies = (
			);
			name = AndreaExampleApp;
			productName = AndreaExampleApp;
			productReference = 86436A4924214C9500921A88 /* AndreaExampleApp.app */;
			productType = "com.apple.product-type.application";
		};
		86436A5E24214C9600921A88 /* AndreaExampleAppTests */ = {
			isa = PBXNativeTarget;
			buildConfigurationList = 86436A7624214C9600921A88 /* Build configuration list for PBXNativeTarget "AndreaExampleAppTests" */;
			buildPhases = (
				86436A5B24214C9600921A88 /* Sources */,
				86436A5C24214C9600921A88 /* Frameworks */,
				86436A5D24214C9600921A88 /* Resources */,
			);
			buildRules = (
			);
			dependencies = (
				86436A6124214C9600921A88 /* PBXTargetDependency */,
			);
			name = AndreaExampleAppTests;
			productName = AndreaExampleAppTests;
			productReference = 86436A5F24214C9600921A88 /* AndreaExampleAppTests.xctest */;
			productType = "com.apple.product-type.bundle.unit-test";
		};
		86436A6924214C9600921A88 /* AndreaExampleAppUITests */ = {
			isa = PBXNativeTarget;
			buildConfigurationList = 86436A7924214C9600921A88 /* Build configuration list for PBXNativeTarget "AndreaExampleAppUITests" */;
			buildPhases = (
				86436A6624214C9600921A88 /* Sources */,
				86436A6724214C9600921A88 /* Frameworks */,
				86436A6824214C9600921A88 /* Resources */,
			);
			buildRules = (
			);
			dependencies = (
				86436A6C24214C9600921A88 /* PBXTargetDependency */,
			);
			name = AndreaExampleAppUITests;
			productName = AndreaExampleAppUITests;
			productReference = 86436A6A24214C9600921A88 /* AndreaExampleAppUITests.xctest */;
			productType = "com.apple.product-type.bundle.ui-testing";
		};
/* End PBXNativeTarget section */

/* Begin PBXProject section */
		86436A4124214C9500921A88 /* Project object */ = {
			isa = PBXProject;
			attributes = {
				LastSwiftUpdateCheck = 1100;
				LastUpgradeCheck = 1100;
				TargetAttributes = {
					86436A4824214C9500921A88 = {
						CreatedOnToolsVersion = 11.0;
					};
					86436A5E24214C9600921A88 = {
						CreatedOnToolsVersion = 11.0;
						TestTargetID = 86436A4824214C9500921A88;
					};
					86436A6924214C9600921A88 = {
						CreatedOnToolsVersion = 11.0;
						TestTargetID = 86436A4824214C9500921A88;
					};
				};
			};
			buildConfigurationList = 86436A4424214C9500921A88 /* Build configuration list for PBXProject "AndreaExampleApp" */;
			compatibilityVersion = "Xcode 9.3";
			developmentRegion = en;
			hasScannedForEncodings = 0;
			knownRegions = (
				en,
				Base,
			);
			mainGroup = 86436A4024214C9500921A88;
			productRefGroup = 86436A4A24214C9500921A88 /* Products */;
			projectDirPath = "";
			projectRoot = "";
			targets = (
				86436A4824214C9500921A88 /* AndreaExampleApp */,
				86436A5E24214C9600921A88 /* AndreaExampleAppTests */,
				86436A6924214C9600921A88 /* AndreaExampleAppUITests */,
			);
		};
/* End PBXProject section */

/* Begin PBXResourcesBuildPhase section */
		86436A4724214C9500921A88 /* Resources */ = {
			isa = PBXResourcesBuildPhase;
			buildActionMask = 2147483647;
			files = (
				86436A5924214C9600921A88 /* LaunchScreen.storyboard in Resources */,
				86436A5624214C9600921A88 /* Assets.xcassets in Resources */,
				86436A5424214C9500921A88 /* Main.storyboard in Resources */,
			);
			runOnlyForDeploymentPostprocessing = 0;
		};
		86436A5D24214C9600921A88 /* Resources */ = {
			isa = PBXResourcesBuildPhase;
			buildActionMask = 2147483647;
			files = (
			);
			runOnlyForDeploymentPostprocessing = 0;
		};
		86436A6824214C9600921A88 /* Resources */ = {
			isa = PBXResourcesBuildPhase;
			buildActionMask = 2147483647;
			files = (
			);
			runOnlyForDeploymentPostprocessing = 0;
		};
/* End PBXResourcesBuildPhase section */

/* Begin PBXSourcesBuildPhase section */
		86436A4524214C9500921A88 /* Sources */ = {
			isa = PBXSourcesBuildPhase;
			buildActionMask = 2147483647;
			files = (
				86436A5124214C9500921A88 /* ViewController.swift in Sources */,
				86436A4D24214C9500921A88 /* AppDelegate.swift in Sources */,
				86436A4F24214C9500921A88 /* SceneDelegate.swift in Sources */,
			);
			runOnlyForDeploymentPostprocessing = 0;
		};
		86436A5B24214C9600921A88 /* Sources */ = {
			isa = PBXSourcesBuildPhase;
			buildActionMask = 2147483647;
			files = (
				86436A6424214C9600921A88 /* AndreaExampleAppTests.swift in Sources */,
			);
			runOnlyForDeploymentPostprocessing = 0;
		};
		86436A6624214C9600921A88 /* Sources */ = {
			isa = PBXSourcesBuildPhase;
			buildActionMask = 2147483647;
			files = (
				86436A6F24214C9600921A88 /* AndreaExampleAppUITests.swift in Sources */,
			);
			runOnlyForDeploymentPostprocessing = 0;
		};
/* End PBXSourcesBuildPhase section */

/* Begin PBXTargetDependency section */
		86436A6124214C9600921A88 /* PBXTargetDependency */ = {
			isa = PBXTargetDependency;
			target = 86436A4824214C9500921A88 /* AndreaExampleApp */;
			targetProxy = 86436A6024214C9600921A88 /* PBXContainerItemProxy */;
		};
		86436A6C24214C9600921A88 /* PBXTargetDependency */ = {
			isa = PBXTargetDependency;
			target = 86436A4824214C9500921A88 /* AndreaExampleApp */;
			targetProxy = 86436A6B24214C9600921A88 /* PBXContainerItemProxy */;
		};
/* End PBXTargetDependency section */

/* Begin PBXVariantGroup section */
		86436A5224214C9500921A88 /* Main.storyboard */ = {
			isa = PBXVariantGroup;
			children = (
				86436A5324214C9500921A88 /* Base */,
			);
			name = Main.storyboard;
			sourceTree = "<group>";
		};
		86436A5724214C9600921A88 /* LaunchScreen.storyboard */ = {
			isa = PBXVariantGroup;
			children = (
				86436A5824214C9600921A88 /* Base */,
			);
			name = LaunchScreen.storyboard;
			sourceTree = "<group>";
		};
/* End PBXVariantGroup section */

/* Begin XCBuildConfiguration section */
		86436A7124214C9600921A88 /* Debug */ = {
			isa = XCBuildConfiguration;
			buildSettings = {
				ALWAYS_SEARCH_USER_PATHS = NO;
				CLANG_ANALYZER_NONNULL = YES;
				CLANG_ANALYZER_NUMBER_OBJECT_CONVERSION = YES_AGGRESSIVE;
				CLANG_CXX_LANGUAGE_STANDARD = "gnu++14";
				CLANG_CXX_LIBRARY = "libc++";
				CLANG_ENABLE_MODULES = YES;
				CLANG_ENABLE_OBJC_ARC = YES;
				CLANG_ENABLE_OBJC_WEAK = YES;
				CLANG_WARN_BLOCK_CAPTURE_AUTORELEASING = YES;
				CLANG_WARN_BOOL_CONVERSION = YES;
				CLANG_WARN_COMMA = YES;
				CLANG_WARN_CONSTANT_CONVERSION = YES;
				CLANG_WARN_DEPRECATED_OBJC_IMPLEMENTATIONS = YES;
				CLANG_WARN_DIRECT_OBJC_ISA_USAGE = YES_ERROR;
				CLANG_WARN_DOCUMENTATION_COMMENTS = YES;
				CLANG_WARN_EMPTY_BODY = YES;
				CLANG_WARN_ENUM_CONVERSION = YES;
				CLANG_WARN_INFINITE_RECURSION = YES;
				CLANG_WARN_INT_CONVERSION = YES;
				CLANG_WARN_NON_LITERAL_NULL_CONVERSION = YES;
				CLANG_WARN_OBJC_IMPLICIT_RETAIN_SELF = YES;
				CLANG_WARN_OBJC_LITERAL_CONVERSION = YES;
				CLANG_WARN_OBJC_ROOT_CLASS = YES_ERROR;
				CLANG_WARN_RANGE_LOOP_ANALYSIS = YES;
				CLANG_WARN_STRICT_PROTOTYPES = YES;
				CLANG_WARN_SUSPICIOUS_MOVE = YES;
				CLANG_WARN_UNGUARDED_AVAILABILITY = YES_AGGRESSIVE;
				CLANG_WARN_UNREACHABLE_CODE = YES;
				CLANG_WARN__DUPLICATE_METHOD_MATCH = YES;
				COPY_PHASE_STRIP = NO;
				DEBUG_INFORMATION_FORMAT = dwarf;
				ENABLE_STRICT_OBJC_MSGSEND = YES;
				ENABLE_TESTABILITY = YES;
				GCC_C_LANGUAGE_STANDARD = gnu11;
				GCC_DYNAMIC_NO_PIC = NO;
				GCC_NO_COMMON_BLOCKS = YES;
				GCC_OPTIMIZATION_LEVEL = 0;
				GCC_PREPROCESSOR_DEFINITIONS = (
					"DEBUG=1",
					"$(inherited)",
				);
				GCC_WARN_64_TO_32_BIT_CONVERSION = YES;
				GCC_WARN_ABOUT_RETURN_TYPE = YES_ERROR;
				GCC_WARN_UNDECLARED_SELECTOR = YES;
				GCC_WARN_UNINITIALIZED_AUTOS = YES_AGGRESSIVE;
				GCC_WARN_UNUSED_FUNCTION = YES;
				GCC_WARN_UNUSED_VARIABLE = YES;
				IPHONEOS_DEPLOYMENT_TARGET = 13.0;
				MTL_ENABLE_DEBUG_INFO = INCLUDE_SOURCE;
				MTL_FAST_MATH = YES;
				ONLY_ACTIVE_ARCH = YES;
				SDKROOT = iphoneos;
				SWIFT_ACTIVE_COMPILATION_CONDITIONS = DEBUG;
				SWIFT_OPTIMIZATION_LEVEL = "-Onone";
			};
			name = Debug;
		};
		86436A7224214C9600921A88 /* Release */ = {
			isa = XCBuildConfiguration;
			buildSettings = {
				ALWAYS_SEARCH_USER_PATHS = NO;
				CLANG_ANALYZER_NONNULL = YES;
				CLANG_ANALYZER_NUMBER_OBJECT_CONVERSION = YES_AGGRESSIVE;
				CLANG_CXX_LANGUAGE_STANDARD = "gnu++14";
				CLANG_CXX_LIBRARY = "libc++";
				CLANG_ENABLE_MODULES = YES;
				CLANG_ENABLE_OBJC_ARC = YES;
				CLANG_ENABLE_OBJC_WEAK = YES;
				CLANG_WARN_BLOCK_CAPTURE_AUTORELEASING = YES;
				CLANG_WARN_BOOL_CONVERSION = YES;
				CLANG_WARN_COMMA = YES;
				CLANG_WARN_CONSTANT_CONVERSION = YES;
				CLANG_WARN_DEPRECATED_OBJC_IMPLEMENTATIONS = YES;
				CLANG_WARN_DIRECT_OBJC_ISA_USAGE = YES_ERROR;
				CLANG_WARN_DOCUMENTATION_COMMENTS = YES;
				CLANG_WARN_EMPTY_BODY = YES;
				CLANG_WARN_ENUM_CONVERSION = YES;
				CLANG_WARN_INFINITE_RECURSION = YES;
				CLANG_WARN_INT_CONVERSION = YES;
				CLANG_WARN_NON_LITERAL_NULL_CONVERSION = YES;
				CLANG_WARN_OBJC_IMPLICIT_RETAIN_SELF = YES;
				CLANG_WARN_OBJC_LITERAL_CONVERSION = YES;
				CLANG_WARN_OBJC_ROOT_CLASS = YES_ERROR;
				CLANG_WARN_RANGE_LOOP_ANALYSIS = YES;
				CLANG_WARN_STRICT_PROTOTYPES = YES;
				CLANG_WARN_SUSPICIOUS_MOVE = YES;
				CLANG_WARN_UNGUARDED_AVAILABILITY = YES_AGGRESSIVE;
				CLANG_WARN_UNREACHABLE_CODE = YES;
				CLANG_WARN__DUPLICATE_METHOD_MATCH = YES;
				COPY_PHASE_STRIP = NO;
				DEBUG_INFORMATION_FORMAT = "dwarf-with-dsym";
				ENABLE_NS_ASSERTIONS = NO;
				ENABLE_STRICT_OBJC_MSGSEND = YES;
				GCC_C_LANGUAGE_STANDARD = gnu11;
				GCC_NO_COMMON_BLOCKS = YES;
				GCC_WARN_64_TO_32_BIT_CONVERSION = YES;
				GCC_WARN_ABOUT_RETURN_TYPE = YES_ERROR;
				GCC_WARN_UNDECLARED_SELECTOR = YES;
				GCC_WARN_UNINITIALIZED_AUTOS = YES_AGGRESSIVE;
				GCC_WARN_UNUSED_FUNCTION = YES;
				GCC_WARN_UNUSED_VARIABLE = YES;
				IPHONEOS_DEPLOYMENT_TARGET = 13.0;
				MTL_ENABLE_DEBUG_INFO = NO;
				MTL_FAST_MATH = YES;
				SDKROOT = iphoneos;
				SWIFT_COMPILATION_MODE = wholemodule;
				SWIFT_OPTIMIZATION_LEVEL = "-O";
				VALIDATE_PRODUCT = YES;
			};
			name = Release;
		};
		86436A7424214C9600921A88 /* Debug */ = {
			isa = XCBuildConfiguration;
			buildSettings = {
				ASSETCATALOG_COMPILER_APPICON_NAME = AppIcon;
				CODE_SIGN_STYLE = Automatic;
				INFOPLIST_FILE = AndreaExampleApp/Info.plist;
				LD_RUNPATH_SEARCH_PATHS = (
					"$(inherited)",
					"@executable_path/Frameworks",
				);
				PRODUCT_BUNDLE_IDENTIFIER = it.andreacipriani.AndreaExampleApp;
				PRODUCT_NAME = "$(TARGET_NAME)";
				SWIFT_VERSION = 5.0;
				TARGETED_DEVICE_FAMILY = "1,2";
			};
			name = Debug;
		};
		86436A7524214C9600921A88 /* Release */ = {
			isa = XCBuildConfiguration;
			buildSettings = {
				ASSETCATALOG_COMPILER_APPICON_NAME = AppIcon;
				CODE_SIGN_STYLE = Automatic;
				INFOPLIST_FILE = AndreaExampleApp/Info.plist;
				LD_RUNPATH_SEARCH_PATHS = (
					"$(inherited)",
					"@executable_path/Frameworks",
				);
				PRODUCT_BUNDLE_IDENTIFIER = it.andreacipriani.AndreaExampleApp;
				PRODUCT_NAME = "$(TARGET_NAME)";
				SWIFT_VERSION = 5.0;
				TARGETED_DEVICE_FAMILY = "1,2";
			};
			name = Release;
		};
		86436A7724214C9600921A88 /* Debug */ = {
			isa = XCBuildConfiguration;
			buildSettings = {
				ALWAYS_EMBED_SWIFT_STANDARD_LIBRARIES = YES;
				BUNDLE_LOADER = "$(TEST_HOST)";
				CODE_SIGN_STYLE = Automatic;
				INFOPLIST_FILE = AndreaExampleAppTests/Info.plist;
				IPHONEOS_DEPLOYMENT_TARGET = 13.0;
				LD_RUNPATH_SEARCH_PATHS = (
					"$(inherited)",
					"@executable_path/Frameworks",
					"@loader_path/Frameworks",
				);
				PRODUCT_BUNDLE_IDENTIFIER = it.andreacipriani.AndreaExampleAppTests;
				PRODUCT_NAME = "$(TARGET_NAME)";
				SWIFT_VERSION = 5.0;
				TARGETED_DEVICE_FAMILY = "1,2";
				TEST_HOST = "$(BUILT_PRODUCTS_DIR)/AndreaExampleApp.app/AndreaExampleApp";
			};
			name = Debug;
		};
		86436A7824214C9600921A88 /* Release */ = {
			isa = XCBuildConfiguration;
			buildSettings = {
				ALWAYS_EMBED_SWIFT_STANDARD_LIBRARIES = YES;
				BUNDLE_LOADER = "$(TEST_HOST)";
				CODE_SIGN_STYLE = Automatic;
				INFOPLIST_FILE = AndreaExampleAppTests/Info.plist;
				IPHONEOS_DEPLOYMENT_TARGET = 13.0;
				LD_RUNPATH_SEARCH_PATHS = (
					"$(inherited)",
					"@executable_path/Frameworks",
					"@loader_path/Frameworks",
				);
				PRODUCT_BUNDLE_IDENTIFIER = it.andreacipriani.AndreaExampleAppTests;
				PRODUCT_NAME = "$(TARGET_NAME)";
				SWIFT_VERSION = 5.0;
				TARGETED_DEVICE_FAMILY = "1,2";
				TEST_HOST = "$(BUILT_PRODUCTS_DIR)/AndreaExampleApp.app/AndreaExampleApp";
			};
			name = Release;
		};
		86436A7A24214C9600921A88 /* Debug */ = {
			isa = XCBuildConfiguration;
			buildSettings = {
				ALWAYS_EMBED_SWIFT_STANDARD_LIBRARIES = YES;
				CODE_SIGN_STYLE = Automatic;
				INFOPLIST_FILE = AndreaExampleAppUITests/Info.plist;
				LD_RUNPATH_SEARCH_PATHS = (
					"$(inherited)",
					"@executable_path/Frameworks",
					"@loader_path/Frameworks",
				);
				PRODUCT_BUNDLE_IDENTIFIER = it.andreacipriani.AndreaExampleAppUITests;
				PRODUCT_NAME = "$(TARGET_NAME)";
				SWIFT_VERSION = 5.0;
				TARGETED_DEVICE_FAMILY = "1,2";
				TEST_TARGET_NAME = AndreaExampleApp;
			};
			name = Debug;
		};
		86436A7B24214C9600921A88 /* Release */ = {
			isa = XCBuildConfiguration;
			buildSettings = {
				ALWAYS_EMBED_SWIFT_STANDARD_LIBRARIES = YES;
				CODE_SIGN_STYLE = Automatic;
				INFOPLIST_FILE = AndreaExampleAppUITests/Info.plist;
				LD_RUNPATH_SEARCH_PATHS = (
					"$(inherited)",
					"@executable_path/Frameworks",
					"@loader_path/Frameworks",
				);
				PRODUCT_BUNDLE_IDENTIFIER = it.andreacipriani.AndreaExampleAppUITests;
				PRODUCT_NAME = "$(TARGET_NAME)";
				SWIFT_VERSION = 5.0;
				TARGETED_DEVICE_FAMILY = "1,2";
				TEST_TARGET_NAME = AndreaExampleApp;
			};
			name = Release;
		};
/* End XCBuildConfiguration section */

/* Begin XCConfigurationList section */
		86436A4424214C9500921A88 /* Build configuration list for PBXProject "AndreaExampleApp" */ = {
			isa = XCConfigurationList;
			buildConfigurations = (
				86436A7124214C9600921A88 /* Debug */,
				86436A7224214C9600921A88 /* Release */,
			);
			defaultConfigurationIsVisible = 0;
			defaultConfigurationName = Release;
		};
		86436A7324214C9600921A88 /* Build configuration list for PBXNativeTarget "AndreaExampleApp" */ = {
			isa = XCConfigurationList;
			buildConfigurations = (
				86436A7424214C9600921A88 /* Debug */,
				86436A7524214C9600921A88 /* Release */,
			);
			defaultConfigurationIsVisible = 0;
			defaultConfigurationName = Release;
		};
		86436A7624214C9600921A88 /* Build configuration list for PBXNativeTarget "AndreaExampleAppTests" */ = {
			isa = XCConfigurationList;
			buildConfigurations = (
				86436A7724214C9600921A88 /* Debug */,
				86436A7824214C9600921A88 /* Release */,
			);
			defaultConfigurationIsVisible = 0;
			defaultConfigurationName = Release;
		};
		86436A7924214C9600921A88 /* Build configuration list for PBXNativeTarget "AndreaExampleAppUITests" */ = {
			isa = XCConfigurationList;
			buildConfigurations = (
				86436A7A24214C9600921A88 /* Debug */,
				86436A7B24214C9600921A88 /* Release */,
			);
			defaultConfigurationIsVisible = 0;
			defaultConfigurationName = Release;
		};
/* End XCConfigurationList section */
	};
	rootObject = 86436A4124214C9500921A88 /* Project object */;
}
